
Microsoft Visual Studio Solution File, Format Version 12.00
# Visual Studio Version 16
VisualStudioVersion = 16.0.29728.190
MinimumVisualStudioVersion = 10.0.40219.1
Project("{FAE04EC0-301F-11D3-BF4B-00C04F79EFBC}") = "prueba", "prueba.csproj", "{651D85DF-CC62-4E08-8100-528390A3C4E1}"
EndProject
Global
	GlobalSection(SolutionConfigurationPlatforms) = preSolution
		Debug|Any CPU = Debug|Any CPU
		Release|Any CPU = Release|Any CPU
	EndGlobalSection
	GlobalSection(ProjectConfigurationPlatforms) = postSolution
		{651D85DF-CC62-4E08-8100-528390A3C4E1}.Debug|Any CPU.ActiveCfg = Debug|Any CPU
		{651D85DF-CC62-4E08-8100-528390A3C4E1}.Debug|Any CPU.Build.0 = Debug|Any CPU
		{651D85DF-CC62-4E08-8100-528390A3C4E1}.Release|Any CPU.ActiveCfg = Release|Any CPU
		{651D85DF-CC62-4E08-8100-528390A3C4E1}.Release|Any CPU.Build.0 = Release|Any CPU
	EndGlobalSection
	GlobalSection(SolutionProperties) = preSolution
		HideSolutionNode = FALSE
	EndGlobalSection
	GlobalSection(ExtensibilityGlobals) = postSolution
		SolutionGuid = {7F6D5AC1-C129-46B8-8547-F52C76F3C81A}
	EndGlobalSection
EndGlobal
